Microsoft Visual Studio Solution File, Format Version 12.00
# Visual Studio Version 17
VisualStudioVersion = 17.14.36301.6
MinimumVisualStudioVersion = 10.0.40219.1
Project("{FAE04EC0-301F-11D3-BF4B-00C04F79EFBC}") = "Runic.Statement", "src\Runic.Statement.csproj", "{B1D17244-6054-4332-BB78-F787DC3F17D0}"
EndProject
Project("{2150E333-8FDC-42A3-9474-1A3956D46DE8}") = "Build", "Build", "{02EA681E-C7D8-13C7-8484-4AC65E1B71E8}"
EndProject
Project("{2150E333-8FDC-42A3-9474-1A3956D46DE8}") = "Net48", "Net48", "{E375E13B-9291-47F0-884A-3D84DA073A60}"
EndProject
Project("{2150E333-8FDC-42A3-9474-1A3956D46DE8}") = "Net6", "Net6", "{B4788F6A-EFCD-4FD8-AE4F-B61A42CFDD6F}"
EndProject
Project("{2150E333-8FDC-42A3-9474-1A3956D46DE8}") = "Net8", "Net8", "{05F834C3-F641-41E8-8D95-9A24548C38A2}"
EndProject
Project("{FAE04EC0-301F-11D3-BF4B-00C04F79EFBC}") = "Runic.Statement.Net48", "build\net48\Runic.Statement.Net48.csproj", "{A72D7969-5388-44E5-9477-04884F7B4BAC}"
EndProject
Project("{FAE04EC0-301F-11D3-BF4B-00C04F79EFBC}") = "Runic.Statement.Net8", "build\net8\Runic.Statement.Net8.csproj", "{9925EEE9-99AF-48AA-8CFF-EBD6E41B49B9}"
EndProject
Project("{FAE04EC0-301F-11D3-BF4B-00C04F79EFBC}") = "Runic.Statement.Net6", "build\net6\Runic.Statement.Net6.csproj", "{7186708C-3419-4628-8129-3E9EBA0F9792}"
EndProject
Project("{2150E333-8FDC-42A3-9474-1A3956D46DE8}") = "Nuget", "Nuget", "{0AA18D71-2C6A-446A-96F8-D9335DBF32BA}"
EndProject
Project("{FAE04EC0-301F-11D3-BF4B-00C04F79EFBC}") = "Runic.Statement.Nuget", "build\nuget\Runic.Statement.Nuget.csproj", "{8D32657E-65FD-4CF4-85DB-3865A23BDC22}"
	ProjectSection(ProjectDependencies) = postProject
		{A72D7969-5388-44E5-9477-04884F7B4BAC} = {A72D7969-5388-44E5-9477-04884F7B4BAC}
		{7186708C-3419-4628-8129-3E9EBA0F9792} = {7186708C-3419-4628-8129-3E9EBA0F9792}
		{9925EEE9-99AF-48AA-8CFF-EBD6E41B49B9} = {9925EEE9-99AF-48AA-8CFF-EBD6E41B49B9}
	EndProjectSection
EndProject

Global
	GlobalSection(SolutionConfigurationPlatforms) = preSolution
		Debug|Any CPU = Debug|Any CPU
		Release|Any CPU = Release|Any CPU
	EndGlobalSection
	GlobalSection(ProjectConfigurationPlatforms) = postSolution
		{B1D17244-6054-4332-BB78-F787DC3F17D0}.Debug|Any CPU.ActiveCfg = Debug|Any CPU
		{B1D17244-6054-4332-BB78-F787DC3F17D0}.Debug|Any CPU.Build.0 = Debug|Any CPU
		{B1D17244-6054-4332-BB78-F787DC3F17D0}.Release|Any CPU.ActiveCfg = Release|Any CPU
		{B1D17244-6054-4332-BB78-F787DC3F17D0}.Release|Any CPU.Build.0 = Release|Any CPU
		{A72D7969-5388-44E5-9477-04884F7B4BAC}.Debug|Any CPU.ActiveCfg = Debug|Any CPU
		{A72D7969-5388-44E5-9477-04884F7B4BAC}.Debug|Any CPU.Build.0 = Debug|Any CPU
		{A72D7969-5388-44E5-9477-04884F7B4BAC}.Release|Any CPU.ActiveCfg = Release|Any CPU
		{A72D7969-5388-44E5-9477-04884F7B4BAC}.Release|Any CPU.Build.0 = Release|Any CPU
		{9925EEE9-99AF-48AA-8CFF-EBD6E41B49B9}.Debug|Any CPU.ActiveCfg = Debug|Any CPU
		{9925EEE9-99AF-48AA-8CFF-EBD6E41B49B9}.Debug|Any CPU.Build.0 = Debug|Any CPU
		{9925EEE9-99AF-48AA-8CFF-EBD6E41B49B9}.Release|Any CPU.ActiveCfg = Release|Any CPU
		{9925EEE9-99AF-48AA-8CFF-EBD6E41B49B9}.Release|Any CPU.Build.0 = Release|Any CPU
		{7186708C-3419-4628-8129-3E9EBA0F9792}.Debug|Any CPU.ActiveCfg = Debug|Any CPU
		{7186708C-3419-4628-8129-3E9EBA0F9792}.Debug|Any CPU.Build.0 = Debug|Any CPU
		{7186708C-3419-4628-8129-3E9EBA0F9792}.Release|Any CPU.ActiveCfg = Release|Any CPU
		{7186708C-3419-4628-8129-3E9EBA0F9792}.Release|Any CPU.Build.0 = Release|Any CPU
		{8D32657E-65FD-4CF4-85DB-3865A23BDC22}.Debug|Any CPU.ActiveCfg = Debug|Any CPU
		{8D32657E-65FD-4CF4-85DB-3865A23BDC22}.Debug|Any CPU.Build.0 = Debug|Any CPU
		{8D32657E-65FD-4CF4-85DB-3865A23BDC22}.Release|Any CPU.ActiveCfg = Release|Any CPU
		{8D32657E-65FD-4CF4-85DB-3865A23BDC22}.Release|Any CPU.Build.0 = Release|Any CPU
	EndGlobalSection
	GlobalSection(SolutionProperties) = preSolution
		HideSolutionNode = FALSE
	EndGlobalSection
	GlobalSection(NestedProjects) = preSolution
		{E375E13B-9291-47F0-884A-3D84DA073A60} = {02EA681E-C7D8-13C7-8484-4AC65E1B71E8}
		{B4788F6A-EFCD-4FD8-AE4F-B61A42CFDD6F} = {02EA681E-C7D8-13C7-8484-4AC65E1B71E8}
		{05F834C3-F641-41E8-8D95-9A24548C38A2} = {02EA681E-C7D8-13C7-8484-4AC65E1B71E8}
		{A72D7969-5388-44E5-9477-04884F7B4BAC} = {E375E13B-9291-47F0-884A-3D84DA073A60}
		{9925EEE9-99AF-48AA-8CFF-EBD6E41B49B9} = {05F834C3-F641-41E8-8D95-9A24548C38A2}
		{7186708C-3419-4628-8129-3E9EBA0F9792} = {B4788F6A-EFCD-4FD8-AE4F-B61A42CFDD6F}
		{0AA18D71-2C6A-446A-96F8-D9335DBF32BA} = {02EA681E-C7D8-13C7-8484-4AC65E1B71E8}
		{8D32657E-65FD-4CF4-85DB-3865A23BDC22} = {0AA18D71-2C6A-446A-96F8-D9335DBF32BA}
	EndGlobalSection
	GlobalSection(ExtensibilityGlobals) = postSolution
		SolutionGuid = {330E4302-A9AA-42A8-8811-E37356B21BD2}
	EndGlobalSection
EndGlobal
